// !$*UTF8*$!
{
	archiveVersion = 1;
	classes = {
	};
	objectVersion = 46;
	objects = {

/* Begin PBXBuildFile section */
		5A06CCA11DD03E43003A2F80 /* main.m in Sources */ = {isa = PBXBuildFile; fileRef = 5A06CCA01DD03E43003A2F80 /* main.m */; };
		5A06CCA41DD03E43003A2F80 /* AppDelegate.m in Sources */ = {isa = PBXBuildFile; fileRef = 5A06CCA31DD03E43003A2F80 /* AppDelegate.m */; };
		5A06CCAA1DD03E43003A2F80 /* Main.storyboard in Resources */ = {isa = PBXBuildFile; fileRef = 5A06CCA81DD03E43003A2F80 /* Main.storyboard */; };
		5A06CCAC1DD03E43003A2F80 /* Assets.xcassets in Resources */ = {isa = PBXBuildFile; fileRef = 5A06CCAB1DD03E43003A2F80 /* Assets.xcassets */; };
		5A06CCAF1DD03E43003A2F80 /* LaunchScreen.storyboard in Resources */ = {isa = PBXBuildFile; fileRef = 5A06CCAD1DD03E43003A2F80 /* LaunchScreen.storyboard */; };
		5A06CCBA1DD03E43003A2F80 /* WebserviceTests.m in Sources */ = {isa = PBXBuildFile; fileRef = 5A06CCB91DD03E43003A2F80 /* WebserviceTests.m */; };
		5A06CCC51DD03E43003A2F80 /* WebserviceUITests.m in Sources */ = {isa = PBXBuildFile; fileRef = 5A06CCC41DD03E43003A2F80 /* WebserviceUITests.m */; };
		5A06CCD41DD03ED3003A2F80 /* NewsTableViewController.m in Sources */ = {isa = PBXBuildFile; fileRef = 5A06CCD31DD03ED3003A2F80 /* NewsTableViewController.m */; };
/* End PBXBuildFile section */

/* Begin PBXContainerItemProxy section */
		5A06CCB61DD03E43003A2F80 /* PBXContainerItemProxy */ = {
			isa = PBXContainerItemProxy;
			containerPortal = 5A06CC941DD03E42003A2F80 /* Project object */;
			proxyType = 1;
			remoteGlobalIDString = 5A06CC9B1DD03E42003A2F80;
			remoteInfo = Webservice;
		};
		5A06CCC11DD03E43003A2F80 /* PBXContainerItemProxy */ = {
			isa = PBXContainerItemProxy;
			containerPortal = 5A06CC941DD03E42003A2F80 /* Project object */;
			proxyType = 1;
			remoteGlobalIDString = 5A06CC9B1DD03E42003A2F80;
			remoteInfo = Webservice;
		};
/* End PBXContainerItemProxy section */

/* Begin PBXFileReference section */
		5A06CC9C1DD03E42003A2F80 /* Webservice.app */ = {isa = PBXFileReference; explicitFileType = wrapper.application; includeInIndex = 0; path = Webservice.app; sourceTree = BUILT_PRODUCTS_DIR; };
		5A06CCA01DD03E43003A2F80 /* main.m */ = {isa = PBXFileReference; lastKnownFileType = sourcecode.c.objc; path = main.m; sourceTree = "<group>"; };
		5A06CCA21DD03E43003A2F80 /* AppDelegate.h */ = {isa = PBXFileReference; lastKnownFileType = sourcecode.c.h; path = AppDelegate.h; sourceTree = "<group>"; };
		5A06CCA31DD03E43003A2F80 /* AppDelegate.m */ = {isa = PBXFileReference; lastKnownFileType = sourcecode.c.objc; path = AppDelegate.m; sourceTree = "<group>"; };
		5A06CCA91DD03E43003A2F80 /* Base */ = {isa = PBXFileReference; lastKnownFileType = file.storyboard; name = Base; path = Base.lproj/Main.storyboard; sourceTree = "<group>"; };
		5A06CCAB1DD03E43003A2F80 /* Assets.xcassets */ = {isa = PBXFileReference; lastKnownFileType = folder.assetcatalog; path = Assets.xcassets; sourceTree = "<group>"; };
		5A06CCAE1DD03E43003A2F80 /* Base */ = {isa = PBXFileReference; lastKnownFileType = file.storyboard; name = Base; path = Base.lproj/LaunchScreen.storyboard; sourceTree = "<group>"; };
		5A06CCB01DD03E43003A2F80 /* Info.plist */ = {isa = PBXFileReference; lastKnownFileType = text.plist.xml; path = Info.plist; sourceTree = "<group>"; };
		5A06CCB51DD03E43003A2F80 /* WebserviceTests.xctest */ = {isa = PBXFileReference; explicitFileType = wrapper.cfbundle; includeInIndex = 0; path = WebserviceTests.xctest; sourceTree = BUILT_PRODUCTS_DIR; };
		5A06CCB91DD03E43003A2F80 /* WebserviceTests.m */ = {isa = PBXFileReference; lastKnownFileType = sourcecode.c.objc; path = WebserviceTests.m; sourceTree = "<group>"; };
		5A06CCBB1DD03E43003A2F80 /* Info.plist */ = {isa = PBXFileReference; lastKnownFileType = text.plist.xml; path = Info.plist; sourceTree = "<group>"; };
		5A06CCC01DD03E43003A2F80 /* WebserviceUITests.xctest */ = {isa = PBXFileReference; explicitFileType = wrapper.cfbundle; includeInIndex = 0; path = WebserviceUITests.xctest; sourceTree = BUILT_PRODUCTS_DIR; };
		5A06CCC41DD03E43003A2F80 /* WebserviceUITests.m */ = {isa = PBXFileReference; lastKnownFileType = sourcecode.c.objc; path = WebserviceUITests.m; sourceTree = "<group>"; };
		5A06CCC61DD03E43003A2F80 /* Info.plist */ = {isa = PBXFileReference; lastKnownFileType = text.plist.xml; path = Info.plist; sourceTree = "<group>"; };
		5A06CCD21DD03ED3003A2F80 /* NewsTableViewController.h */ = {isa = PBXFileReference; fileEncoding = 4; lastKnownFileType = sourcecode.c.h; path = NewsTableViewController.h; sourceTree = "<group>"; };
		5A06CCD31DD03ED3003A2F80 /* NewsTableViewController.m */ = {isa = PBXFileReference; fileEncoding = 4; lastKnownFileType = sourcecode.c.objc; path = NewsTableViewController.m; sourceTree = "<group>"; };
/* End PBXFileReference section */

/* Begin PBXFrameworksBuildPhase section */
		5A06CC991DD03E42003A2F80 /* Frameworks */ = {
			isa = PBXFrameworksBuildPhase;
			buildActionMask = 2147483647;
			files = (
			);
			runOnlyForDeploymentPostprocessing = 0;
		};
		5A06CCB21DD03E43003A2F80 /* Frameworks */ = {
			isa = PBXFrameworksBuildPhase;
			buildActionMask = 2147483647;
			files = (
			);
			runOnlyForDeploymentPostprocessing = 0;
		};
		5A06CCBD1DD03E43003A2F80 /* Frameworks */ = {
			isa = PBXFrameworksBuildPhase;
			buildActionMask = 2147483647;
			files = (
			);
			runOnlyForDeploymentPostprocessing = 0;
		};
/* End PBXFrameworksBuildPhase section */

/* Begin PBXGroup section */
		5A06CC931DD03E42003A2F80 = {
			isa = PBXGroup;
			children = (
				5A06CC9E1DD03E43003A2F80 /* Webservice */,
				5A06CCB81DD03E43003A2F80 /* WebserviceTests */,
				5A06CCC31DD03E43003A2F80 /* WebserviceUITests */,
				5A06CC9D1DD03E42003A2F80 /* Products */,
			);
			sourceTree = "<group>";
		};
		5A06CC9D1DD03E42003A2F80 /* Products */ = {
			isa = PBXGroup;
			children = (
				5A06CC9C1DD03E42003A2F80 /* Webservice.app */,
				5A06CCB51DD03E43003A2F80 /* WebserviceTests.xctest */,
				5A06CCC01DD03E43003A2F80 /* WebserviceUITests.xctest */,
			);
			name = Products;
			sourceTree = "<group>";
		};
		5A06CC9E1DD03E43003A2F80 /* Webservice */ = {
			isa = PBXGroup;
			children = (
				5A06CCA21DD03E43003A2F80 /* AppDelegate.h */,
				5A06CCA31DD03E43003A2F80 /* AppDelegate.m */,
				5A06CCD21DD03ED3003A2F80 /* NewsTableViewController.h */,
				5A06CCD31DD03ED3003A2F80 /* NewsTableViewController.m */,
				5A06CCA81DD03E43003A2F80 /* Main.storyboard */,
				5A06CCAB1DD03E43003A2F80 /* Assets.xcassets */,
				5A06CCAD1DD03E43003A2F80 /* LaunchScreen.storyboard */,
				5A06CCB01DD03E43003A2F80 /* Info.plist */,
				5A06CC9F1DD03E43003A2F80 /* Supporting Files */,
			);
			path = Webservice;
			sourceTree = "<group>";
		};
		5A06CC9F1DD03E43003A2F80 /* Supporting Files */ = {
			isa = PBXGroup;
			children = (
				5A06CCA01DD03E43003A2F80 /* main.m */,
			);
			name = "Supporting Files";
			sourceTree = "<group>";
		};
		5A06CCB81DD03E43003A2F80 /* WebserviceTests */ = {
			isa = PBXGroup;
			children = (
				5A06CCB91DD03E43003A2F80 /* WebserviceTests.m */,
				5A06CCBB1DD03E43003A2F80 /* Info.plist */,
			);
			path = WebserviceTests;
			sourceTree = "<group>";
		};
		5A06CCC31DD03E43003A2F80 /* WebserviceUITests */ = {
			isa = PBXGroup;
			children = (
				5A06CCC41DD03E43003A2F80 /* WebserviceUITests.m */,
				5A06CCC61DD03E43003A2F80 /* Info.plist */,
			);
			path = WebserviceUITests;
			sourceTree = "<group>";
		};
/* End PBXGroup section */

/* Begin PBXNativeTarget section */
		5A06CC9B1DD03E42003A2F80 /* Webservice */ = {
			isa = PBXNativeTarget;
			buildConfigurationList = 5A06CCC91DD03E43003A2F80 /* Build configuration list for PBXNativeTarget "Webservice" */;
			buildPhases = (
				5A06CC981DD03E42003A2F80 /* Sources */,
				5A06CC991DD03E42003A2F80 /* Frameworks */,
				5A06CC9A1DD03E42003A2F80 /* Resources */,
			);
			buildRules = (
			);
			dependencies = (
			);
			name = Webservice;
			productName = Webservice;
			productReference = 5A06CC9C1DD03E42003A2F80 /* Webservice.app */;
			productType = "com.apple.product-type.application";
		};
		5A06CCB41DD03E43003A2F80 /* WebserviceTests */ = {
			isa = PBXNativeTarget;
			buildConfigurationList = 5A06CCCC1DD03E43003A2F80 /* Build configuration list for PBXNativeTarget "WebserviceTests" */;
			buildPhases = (
				5A06CCB11DD03E43003A2F80 /* Sources */,
				5A06CCB21DD03E43003A2F80 /* Frameworks */,
				5A06CCB31DD03E43003A2F80 /* Resources */,
			);
			buildRules = (
			);
			dependencies = (
				5A06CCB71DD03E43003A2F80 /* PBXTargetDependency */,
			);
			name = WebserviceTests;
			productName = WebserviceTests;
			productReference = 5A06CCB51DD03E43003A2F80 /* WebserviceTests.xctest */;
			productType = "com.apple.product-type.bundle.unit-test";
		};
		5A06CCBF1DD03E43003A2F80 /* WebserviceUITests */ = {
			isa = PBXNativeTarget;
			buildConfigurationList = 5A06CCCF1DD03E43003A2F80 /* Build configuration list for PBXNativeTarget "WebserviceUITests" */;
			buildPhases = (
				5A06CCBC1DD03E43003A2F80 /* Sources */,
				5A06CCBD1DD03E43003A2F80 /* Frameworks */,
				5A06CCBE1DD03E43003A2F80 /* Resources */,
			);
			buildRules = (
			);
			dependencies = (
				5A06CCC21DD03E43003A2F80 /* PBXTargetDependency */,
			);
			name = WebserviceUITests;
			productName = WebserviceUITests;
			productReference = 5A06CCC01DD03E43003A2F80 /* WebserviceUITests.xctest */;
			productType = "com.apple.product-type.bundle.ui-testing";
		};
/* End PBXNativeTarget section */

/* Begin PBXProject section */
		5A06CC941DD03E42003A2F80 /* Project object */ = {
			isa = PBXProject;
			attributes = {
				LastUpgradeCheck = 0730;
				ORGANIZATIONNAME = "Felix-Madhuri";
				TargetAttributes = {
					5A06CC9B1DD03E42003A2F80 = {
						CreatedOnToolsVersion = 7.3;
					};
					5A06CCB41DD03E43003A2F80 = {
						CreatedOnToolsVersion = 7.3;
						TestTargetID = 5A06CC9B1DD03E42003A2F80;
					};
					5A06CCBF1DD03E43003A2F80 = {
						CreatedOnToolsVersion = 7.3;
						TestTargetID = 5A06CC9B1DD03E42003A2F80;
					};
				};
			};
			buildConfigurationList = 5A06CC971DD03E42003A2F80 /* Build configuration list for PBXProject "Webservice" */;
			compatibilityVersion = "Xcode 3.2";
			developmentRegion = English;
			hasScannedForEncodings = 0;
			knownRegions = (
				en,
				Base,
			);
			mainGroup = 5A06CC931DD03E42003A2F80;
			productRefGroup = 5A06CC9D1DD03E42003A2F80 /* Products */;
			projectDirPath = "";
			projectRoot = "";
			targets = (
				5A06CC9B1DD03E42003A2F80 /* Webservice */,
				5A06CCB41DD03E43003A2F80 /* WebserviceTests */,
				5A06CCBF1DD03E43003A2F80 /* WebserviceUITests */,
			);
		};
/* End PBXProject section */

/* Begin PBXResourcesBuildPhase section */
		5A06CC9A1DD03E42003A2F80 /* Resources */ = {
			isa = PBXResourcesBuildPhase;
			buildActionMask = 2147483647;
			files = (
				5A06CCAF1DD03E43003A2F80 /* LaunchScreen.storyboard in Resources */,
				5A06CCAC1DD03E43003A2F80 /* Assets.xcassets in Resources */,
				5A06CCAA1DD03E43003A2F80 /* Main.storyboard in Resources */,
			);
			runOnlyForDeploymentPostprocessing = 0;
		};
		5A06CCB31DD03E43003A2F80 /* Resources */ = {
			isa = PBXResourcesBuildPhase;
			buildActionMask = 2147483647;
			files = (
			);
			runOnlyForDeploymentPostprocessing = 0;
		};
		5A06CCBE1DD03E43003A2F80 /* Resources */ = {
			isa = PBXResourcesBuildPhase;
			buildActionMask = 2147483647;
			files = (
			);
			runOnlyForDeploymentPostprocessing = 0;
		};
/* End PBXResourcesBuildPhase section */

/* Begin PBXSourcesBuildPhase section */
		5A06CC981DD03E42003A2F80 /* Sources */ = {
			isa = PBXSourcesBuildPhase;
			buildActionMask = 2147483647;
			files = (
				5A06CCD41DD03ED3003A2F80 /* NewsTableViewController.m in Sources */,
				5A06CCA41DD03E43003A2F80 /* AppDelegate.m in Sources */,
				5A06CCA11DD03E43003A2F80 /* main.m in Sources */,
			);
			runOnlyForDeploymentPostprocessing = 0;
		};
		5A06CCB11DD03E43003A2F80 /* Sources */ = {
			isa = PBXSourcesBuildPhase;
			buildActionMask = 2147483647;
			files = (
				5A06CCBA1DD03E43003A2F80 /* WebserviceTests.m in Sources */,
			);
			runOnlyForDeploymentPostprocessing = 0;
		};
		5A06CCBC1DD03E43003A2F80 /* Sources */ = {
			isa = PBXSourcesBuildPhase;
			buildActionMask = 2147483647;
			files = (
				5A06CCC51DD03E43003A2F80 /* WebserviceUITests.m in Sources */,
			);
			runOnlyForDeploymentPostprocessing = 0;
		};
/* End PBXSourcesBuildPhase section */

/* Begin PBXTargetDependency section */
		5A06CCB71DD03E43003A2F80 /* PBXTargetDependency */ = {
			isa = PBXTargetDependency;
			target = 5A06CC9B1DD03E42003A2F80 /* Webservice */;
			targetProxy = 5A06CCB61DD03E43003A2F80 /* PBXContainerItemProxy */;
		};
		5A06CCC21DD03E43003A2F80 /* PBXTargetDependency */ = {
			isa = PBXTargetDependency;
			target = 5A06CC9B1DD03E42003A2F80 /* Webservice */;
			targetProxy = 5A06CCC11DD03E43003A2F80 /* PBXContainerItemProxy */;
		};
/* End PBXTargetDependency section */

/* Begin PBXVariantGroup section */
		5A06CCA81DD03E43003A2F80 /* Main.storyboard */ = {
			isa = PBXVariantGroup;
			children = (
				5A06CCA91DD03E43003A2F80 /* Base */,
			);
			name = Main.storyboard;
			sourceTree = "<group>";
		};
		5A06CCAD1DD03E43003A2F80 /* LaunchScreen.storyboard */ = {
			isa = PBXVariantGroup;
			children = (
				5A06CCAE1DD03E43003A2F80 /* Base */,
			);
			name = LaunchScreen.storyboard;
			sourceTree = "<group>";
		};
/* End PBXVariantGroup section */

/* Begin XCBuildConfiguration section */
		5A06CCC71DD03E43003A2F80 /* Debug */ = {
			isa = XCBuildConfiguration;
			buildSettings = {
				ALWAYS_SEARCH_USER_PATHS = NO;
				CLANG_ANALYZER_NONNULL = YES;
				CLANG_CXX_LANGUAGE_STANDARD = "gnu++0x";
				CLANG_CXX_LIBRARY = "libc++";
				CLANG_ENABLE_MODULES = YES;
				CLANG_ENABLE_OBJC_ARC = YES;
				CLANG_WARN_BOOL_CONVERSION = YES;
				CLANG_WARN_CONSTANT_CONVERSION = YES;
				CLANG_WARN_DIRECT_OBJC_ISA_USAGE = YES_ERROR;
				CLANG_WARN_EMPTY_BODY = YES;
				CLANG_WARN_ENUM_CONVERSION = YES;
				CLANG_WARN_INT_CONVERSION = YES;
				CLANG_WARN_OBJC_ROOT_CLASS = YES_ERROR;
				CLANG_WARN_UNREACHABLE_CODE = YES;
				CLANG_WARN__DUPLICATE_METHOD_MATCH = YES;
				"CODE_SIGN_IDENTITY[sdk=iphoneos*]" = "iPhone Developer";
				COPY_PHASE_STRIP = NO;
				DEBUG_INFORMATION_FORMAT = dwarf;
				ENABLE_STRICT_OBJC_MSGSEND = YES;
				ENABLE_TESTABILITY = YES;
				GCC_C_LANGUAGE_STANDARD = gnu99;
				GCC_DYNAMIC_NO_PIC = NO;
				GCC_NO_COMMON_BLOCKS = YES;
				GCC_OPTIMIZATION_LEVEL = 0;
				GCC_PREPROCESSOR_DEFINITIONS = (
					"DEBUG=1",
					"$(inherited)",
				);
				GCC_WARN_64_TO_32_BIT_CONVERSION = YES;
				GCC_WARN_ABOUT_RETURN_TYPE = YES_ERROR;
				GCC_WARN_UNDECLARED_SELECTOR = YES;
				GCC_WARN_UNINITIALIZED_AUTOS = YES_AGGRESSIVE;
				GCC_WARN_UNUSED_FUNCTION = YES;
				GCC_WARN_UNUSED_VARIABLE = YES;
				IPHONEOS_DEPLOYMENT_TARGET = 9.3;
				MTL_ENABLE_DEBUG_INFO = YES;
				ONLY_ACTIVE_ARCH = YES;
				SDKROOT = iphoneos;
				TARGETED_DEVICE_FAMILY = "1,2";
			};
			name = Debug;
		};
		5A06CCC81DD03E43003A2F80 /* Release */ = {
			isa = XCBuildConfiguration;
			buildSettings = {
				ALWAYS_SEARCH_USER_PATHS = NO;
				CLANG_ANALYZER_NONNULL = YES;
				CLANG_CXX_LANGUAGE_STANDARD = "gnu++0x";
				CLANG_CXX_LIBRARY = "libc++";
				CLANG_ENABLE_MODULES = YES;
				CLANG_ENABLE_OBJC_ARC = YES;
				CLANG_WARN_BOOL_CONVERSION = YES;
				CLANG_WARN_CONSTANT_CONVERSION = YES;
				CLANG_WARN_DIRECT_OBJC_ISA_USAGE = YES_ERROR;
				CLANG_WARN_EMPTY_BODY = YES;
				CLANG_WARN_ENUM_CONVERSION = YES;
				CLANG_WARN_INT_CONVERSION = YES;
				CLANG_WARN_OBJC_ROOT_CLASS = YES_ERROR;
				CLANG_WARN_UNREACHABLE_CODE = YES;
				CLANG_WARN__DUPLICATE_METHOD_MATCH = YES;
				"CODE_SIGN_IDENTITY[sdk=iphoneos*]" = "iPhone Developer";
				COPY_PHASE_STRIP = NO;
				DEBUG_INFORMATION_FORMAT = "dwarf-with-dsym";
				ENABLE_NS_ASSERTIONS = NO;
				ENABLE_STRICT_OBJC_MSGSEND = YES;
				GCC_C_LANGUAGE_STANDARD = gnu99;
				GCC_NO_COMMON_BLOCKS = YES;
				GCC_WARN_64_TO_32_BIT_CONVERSION = YES;
				GCC_WARN_ABOUT_RETURN_TYPE = YES_ERROR;
				GCC_WARN_UNDECLARED_SELECTOR = YES;
				GCC_WARN_UNINITIALIZED_AUTOS = YES_AGGRESSIVE;
				GCC_WARN_UNUSED_FUNCTION = YES;
				GCC_WARN_UNUSED_VARIABLE = YES;
				IPHONEOS_DEPLOYMENT_TARGET = 9.3;
				MTL_ENABLE_DEBUG_INFO = NO;
				SDKROOT = iphoneos;
				TARGETED_DEVICE_FAMILY = "1,2";
				VALIDATE_PRODUCT = YES;
			};
			name = Release;
		};
		5A06CCCA1DD03E43003A2F80 /* Debug */ = {
			isa = XCBuildConfiguration;
			buildSettings = {
				ASSETCATALOG_COMPILER_APPICON_NAME = AppIcon;
				INFOPLIST_FILE = Webservice/Info.plist;
				IPHONEOS_DEPLOYMENT_TARGET = 9.1;
				LD_RUNPATH_SEARCH_PATHS = "$(inherited) @executable_path/Frameworks";
				PRODUCT_BUNDLE_IDENTIFIER = "Felix-Madhuri.Webservice";
				PRODUCT_NAME = "$(TARGET_NAME)";
			};
			name = Debug;
		};
		5A06CCCB1DD03E43003A2F80 /* Release */ = {
			isa = XCBuildConfiguration;
			buildSettings = {
				ASSETCATALOG_COMPILER_APPICON_NAME = AppIcon;
				INFOPLIST_FILE = Webservice/Info.plist;
				IPHONEOS_DEPLOYMENT_TARGET = 9.1;
				LD_RUNPATH_SEARCH_PATHS = "$(inherited) @executable_path/Frameworks";
				PRODUCT_BUNDLE_IDENTIFIER = "Felix-Madhuri.Webservice";
				PRODUCT_NAME = "$(TARGET_NAME)";
			};
			name = Release;
		};
		5A06CCCD1DD03E43003A2F80 /* Debug */ = {
			isa = XCBuildConfiguration;
			buildSettings = {
				BUNDLE_LOADER = "$(TEST_HOST)";
				INFOPLIST_FILE = WebserviceTests/Info.plist;
				LD_RUNPATH_SEARCH_PATHS = "$(inherited) @executable_path/Frameworks @loader_path/Frameworks";
				PRODUCT_BUNDLE_IDENTIFIER = "Felix-Madhuri.WebserviceTests";
				PRODUCT_NAME = "$(TARGET_NAME)";
				TEST_HOST = "$(BUILT_PRODUCTS_DIR)/Webservice.app/Webservice";
			};
			name = Debug;
		};
		5A06CCCE1DD03E43003A2F80 /* Release */ = {
			isa = XCBuildConfiguration;
			buildSettings = {
				BUNDLE_LOADER = "$(TEST_HOST)";
				INFOPLIST_FILE = WebserviceTests/Info.plist;
				LD_RUNPATH_SEARCH_PATHS = "$(inherited) @executable_path/Frameworks @loader_path/Frameworks";
				PRODUCT_BUNDLE_IDENTIFIER = "Felix-Madhuri.WebserviceTests";
				PRODUCT_NAME = "$(TARGET_NAME)";
				TEST_HOST = "$(BUILT_PRODUCTS_DIR)/Webservice.app/Webservice";
			};
			name = Release;
		};
		5A06CCD01DD03E43003A2F80 /* Debug */ = {
			isa = XCBuildConfiguration;
			buildSettings = {
				INFOPLIST_FILE = WebserviceUITests/Info.plist;
				LD_RUNPATH_SEARCH_PATHS = "$(inherited) @executable_path/Frameworks @loader_path/Frameworks";
				PRODUCT_BUNDLE_IDENTIFIER = "Felix-Madhuri.WebserviceUITests";
				PRODUCT_NAME = "$(TARGET_NAME)";
				TEST_TARGET_NAME = Webservice;
			};
			name = Debug;
		};
		5A06CCD11DD03E43003A2F80 /* Release */ = {
			isa = XCBuildConfiguration;
			buildSettings = {
				INFOPLIST_FILE = WebserviceUITests/Info.plist;
				LD_RUNPATH_SEARCH_PATHS = "$(inherited) @executable_path/Frameworks @loader_path/Frameworks";
				PRODUCT_BUNDLE_IDENTIFIER = "Felix-Madhuri.WebserviceUITests";
				PRODUCT_NAME = "$(TARGET_NAME)";
				TEST_TARGET_NAME = Webservice;
			};
			name = Release;
		};
/* End XCBuildConfiguration section */

/* Begin XCConfigurationList section */
		5A06CC971DD03E42003A2F80 /* Build configuration list for PBXProject "Webservice" */ = {
			isa = XCConfigurationList;
			buildConfigurations = (
				5A06CCC71DD03E43003A2F80 /* Debug */,
				5A06CCC81DD03E43003A2F80 /* Release */,
			);
			defaultConfigurationIsVisible = 0;
			defaultConfigurationName = Release;
		};
		5A06CCC91DD03E43003A2F80 /* Build configuration list for PBXNativeTarget "Webservice" */ = {
			isa = XCConfigurationList;
			buildConfigurations = (
				5A06CCCA1DD03E43003A2F80 /* Debug */,
				5A06CCCB1DD03E43003A2F80 /* Release */,
			);
			defaultConfigurationIsVisible = 0;
			defaultConfigurationName = Release;
		};
		5A06CCCC1DD03E43003A2F80 /* Build configuration list for PBXNativeTarget "WebserviceTests" */ = {
			isa = XCConfigurationList;
			buildConfigurations = (
				5A06CCCD1DD03E43003A2F80 /* Debug */,
				5A06CCCE1DD03E43003A2F80 /* Release */,
			);
			defaultConfigurationIsVisible = 0;
			defaultConfigurationName = Release;
		};
		5A06CCCF1DD03E43003A2F80 /* Build configuration list for PBXNativeTarget "WebserviceUITests" */ = {
			isa = XCConfigurationList;
			buildConfigurations = (
				5A06CCD01DD03E43003A2F80 /* Debug */,
				5A06CCD11DD03E43003A2F80 /* Release */,
			);
			defaultConfigurationIsVisible = 0;
			defaultConfigurationName = Release;
		};
/* End XCConfigurationList section */
	};
	rootObject = 5A06CC941DD03E42003A2F80 /* Project object */;
}
